
Microsoft Visual Studio Solution File, Format Version 12.00
# Visual Studio 15
VisualStudioVersion = 15.0.26730.12
MinimumVisualStudioVersion = 10.0.40219.1
Project("{9A19103F-16F7-4668-BE54-9A1E7A4F7556}") = "Fish-Registration", "Fish-Registration\Fish-Registration.csproj", "{72C47903-49D3-419D-9365-2AFE8B1B6589}"
EndProject
Global
	GlobalSection(SolutionConfigurationPlatforms) = preSolution
		Debug|Any CPU = Debug|Any CPU
		Release|Any CPU = Release|Any CPU
	EndGlobalSection
	GlobalSection(ProjectConfigurationPlatforms) = postSolution
		{72C47903-49D3-419D-9365-2AFE8B1B6589}.Debug|Any CPU.ActiveCfg = Debug|Any CPU
		{72C47903-49D3-419D-9365-2AFE8B1B6589}.Debug|Any CPU.Build.0 = Debug|Any CPU
		{72C47903-49D3-419D-9365-2AFE8B1B6589}.Release|Any CPU.ActiveCfg = Release|Any CPU
		{72C47903-49D3-419D-9365-2AFE8B1B6589}.Release|Any CPU.Build.0 = Release|Any CPU
	EndGlobalSection
	GlobalSection(SolutionProperties) = preSolution
		HideSolutionNode = FALSE
	EndGlobalSection
	GlobalSection(ExtensibilityGlobals) = postSolution
		SolutionGuid = {159AA998-9A96-44F2-BC7D-9D2BD0F80BED}
	EndGlobalSection
EndGlobal
